
Microsoft Visual Studio Solution File, Format Version 12.00
# Visual Studio 15
VisualStudioVersion = 15.0.27703.2000
MinimumVisualStudioVersion = 10.0.40219.1
Project("{FAE04EC0-301F-11D3-BF4B-00C04F79EFBC}") = "labogit", "labogit\labogit.csproj", "{61779A33-C06B-4DC2-82F2-BEC6842BF1BA}"
EndProject
Global
	GlobalSection(SolutionConfigurationPlatforms) = preSolution
		Debug|Any CPU = Debug|Any CPU
		Release|Any CPU = Release|Any CPU
	EndGlobalSection
	GlobalSection(ProjectConfigurationPlatforms) = postSolution
		{61779A33-C06B-4DC2-82F2-BEC6842BF1BA}.Debug|Any CPU.ActiveCfg = Debug|Any CPU
		{61779A33-C06B-4DC2-82F2-BEC6842BF1BA}.Debug|Any CPU.Build.0 = Debug|Any CPU
		{61779A33-C06B-4DC2-82F2-BEC6842BF1BA}.Release|Any CPU.ActiveCfg = Release|Any CPU
		{61779A33-C06B-4DC2-82F2-BEC6842BF1BA}.Release|Any CPU.Build.0 = Release|Any CPU
	EndGlobalSection
	GlobalSection(SolutionProperties) = preSolution
		HideSolutionNode = FALSE
	EndGlobalSection
	GlobalSection(ExtensibilityGlobals) = postSolution
		SolutionGuid = {B1992C64-C84D-4829-A2E4-5ED34C903BD3}
	EndGlobalSection
EndGlobal
